
Microsoft Visual Studio Solution File, Format Version 12.00
# Visual Studio 15
VisualStudioVersion = 15.0.27130.2024
MinimumVisualStudioVersion = 10.0.40219.1
Project("{8BC9CEB8-8B4A-11D0-8D11-00A0C91BC942}") = "HelloWorldPlugin", "HelloWorldPlugin\HelloWorldPlugin.vcxproj", "{72035B58-E275-4985-9233-62D9685F72CA}"
EndProject
Global
	GlobalSection(SolutionConfigurationPlatforms) = preSolution
		Debug|x64 = Debug|x64
		Debug|x86 = Debug|x86
		Release|x64 = Release|x64
		Release|x86 = Release|x86
	EndGlobalSection
	GlobalSection(ProjectConfigurationPlatforms) = postSolution
		{72035B58-E275-4985-9233-62D9685F72CA}.Debug|x64.ActiveCfg = Debug|x64
		{72035B58-E275-4985-9233-62D9685F72CA}.Debug|x64.Build.0 = Debug|x64
		{72035B58-E275-4985-9233-62D9685F72CA}.Debug|x86.ActiveCfg = Debug|Win32
		{72035B58-E275-4985-9233-62D9685F72CA}.Debug|x86.Build.0 = Debug|Win32
		{72035B58-E275-4985-9233-62D9685F72CA}.Release|x64.ActiveCfg = Release|x64
		{72035B58-E275-4985-9233-62D9685F72CA}.Release|x64.Build.0 = Release|x64
		{72035B58-E275-4985-9233-62D9685F72CA}.Release|x86.ActiveCfg = Release|Win32
		{72035B58-E275-4985-9233-62D9685F72CA}.Release|x86.Build.0 = Release|Win32
	EndGlobalSection
	GlobalSection(SolutionProperties) = preSolution
		HideSolutionNode = FALSE
	EndGlobalSection
	GlobalSection(ExtensibilityGlobals) = postSolution
		SolutionGuid = {A243113F-3C7F-4E43-8548-93A41D423FBB}
	EndGlobalSection
EndGlobal
